// !$*UTF8*$!
{
	archiveVersion = 1;
	classes = {
	};
	objectVersion = 55;
	objects = {

/* Begin PBXBuildFile section */
		4A1D534D2719EE110053C6A5 /* HomeViewModel+Presentation.swift in Sources */ = {isa = PBXBuildFile; fileRef = 4A1D534C2719EE110053C6A5 /* HomeViewModel+Presentation.swift */; };
		4A281C452715069A00F46641 /* IntroductionScreen.swift in Sources */ = {isa = PBXBuildFile; fileRef = 4A281C442715069A00F46641 /* IntroductionScreen.swift */; };
		4A281C4A2715150D00F46641 /* Color.swift in Sources */ = {isa = PBXBuildFile; fileRef = 4A281C492715150D00F46641 /* Color.swift */; };
		4A64FB7B2717761B002F3530 /* RadioButtonGroup.swift in Sources */ = {isa = PBXBuildFile; fileRef = 4A64FB7A2717761B002F3530 /* RadioButtonGroup.swift */; };
		4A64FB7D27177672002F3530 /* RadioButton.swift in Sources */ = {isa = PBXBuildFile; fileRef = 4A64FB7C27177672002F3530 /* RadioButton.swift */; };
		4A64FB7F27177D1E002F3530 /* SliderView.swift in Sources */ = {isa = PBXBuildFile; fileRef = 4A64FB7E27177D1E002F3530 /* SliderView.swift */; };
		4A6E56F127162508005B324F /* TabBarItem.swift in Sources */ = {isa = PBXBuildFile; fileRef = 4A6E56F027162508005B324F /* TabBarItem.swift */; };
		4A6E56F327162BF4005B324F /* TabBar.swift in Sources */ = {isa = PBXBuildFile; fileRef = 4A6E56F227162BF4005B324F /* TabBar.swift */; };
		4A6E56F6271649D4005B324F /* DataLoader.swift in Sources */ = {isa = PBXBuildFile; fileRef = 4A6E56F5271649D4005B324F /* DataLoader.swift */; };
		4A6E56FA27164A02005B324F /* DecodableLoader.swift in Sources */ = {isa = PBXBuildFile; fileRef = 4A6E56F927164A02005B324F /* DecodableLoader.swift */; };
		4A6E56FE27165F42005B324F /* HomeViewModel.swift in Sources */ = {isa = PBXBuildFile; fileRef = 4A6E56FD27165F42005B324F /* HomeViewModel.swift */; };
		4A6E5700271660DB005B324F /* String.swift in Sources */ = {isa = PBXBuildFile; fileRef = 4A6E56FF271660DB005B324F /* String.swift */; };
		4A6E5704271670AA005B324F /* Fighter.swift in Sources */ = {isa = PBXBuildFile; fileRef = 4A6E5703271670AA005B324F /* Fighter.swift */; };
		4A6E5706271670BA005B324F /* Universe.swift in Sources */ = {isa = PBXBuildFile; fileRef = 4A6E5705271670BA005B324F /* Universe.swift */; };
		4A6E5709271670E2005B324F /* UniverseRepository.swift in Sources */ = {isa = PBXBuildFile; fileRef = 4A6E5708271670E2005B324F /* UniverseRepository.swift */; };
		4A6E570B271670F1005B324F /* FighterRepository.swift in Sources */ = {isa = PBXBuildFile; fileRef = 4A6E570A271670F1005B324F /* FighterRepository.swift */; };
		4A6E570E2716741E005B324F /* ImageView.swift in Sources */ = {isa = PBXBuildFile; fileRef = 4A6E570D2716741E005B324F /* ImageView.swift */; };
		4A6E5710271678D0005B324F /* FighterItemView.swift in Sources */ = {isa = PBXBuildFile; fileRef = 4A6E570F271678D0005B324F /* FighterItemView.swift */; };
		4A6E571227167DC4005B324F /* LoadingView.swift in Sources */ = {isa = PBXBuildFile; fileRef = 4A6E571127167DC4005B324F /* LoadingView.swift */; };
		4A6E57142716801F005B324F /* GridView.swift in Sources */ = {isa = PBXBuildFile; fileRef = 4A6E57132716801F005B324F /* GridView.swift */; };
		4A6E571727168D36005B324F /* HomeDivider.swift in Sources */ = {isa = PBXBuildFile; fileRef = 4A6E571627168D36005B324F /* HomeDivider.swift */; };
		4A6E571A271690A8005B324F /* FighterDetails.swift in Sources */ = {isa = PBXBuildFile; fileRef = 4A6E5719271690A8005B324F /* FighterDetails.swift */; };
		4A7020152717584C002EFD0F /* StarItem.swift in Sources */ = {isa = PBXBuildFile; fileRef = 4A7020142717584C002EFD0F /* StarItem.swift */; };
		4A70201827175FB3002EFD0F /* FilterFighters.swift in Sources */ = {isa = PBXBuildFile; fileRef = 4A70201727175FB3002EFD0F /* FilterFighters.swift */; };
		4A7ADCA72714FE3300610A53 /* SmashFightersApp.swift in Sources */ = {isa = PBXBuildFile; fileRef = 4A7ADCA62714FE3300610A53 /* SmashFightersApp.swift */; };
		4A7ADCA92714FE3300610A53 /* HomeContentView.swift in Sources */ = {isa = PBXBuildFile; fileRef = 4A7ADCA82714FE3300610A53 /* HomeContentView.swift */; };
		4A7ADCAB2714FE3400610A53 /* Assets.xcassets in Resources */ = {isa = PBXBuildFile; fileRef = 4A7ADCAA2714FE3400610A53 /* Assets.xcassets */; };
		4A7ADCAE2714FE3400610A53 /* Preview Assets.xcassets in Resources */ = {isa = PBXBuildFile; fileRef = 4A7ADCAD2714FE3400610A53 /* Preview Assets.xcassets */; };
		4A7ADCB82714FE3500610A53 /* SmashFightersTests.swift in Sources */ = {isa = PBXBuildFile; fileRef = 4A7ADCB72714FE3500610A53 /* SmashFightersTests.swift */; };
		4A7ADCC22714FE3500610A53 /* SmashFightersUITests.swift in Sources */ = {isa = PBXBuildFile; fileRef = 4A7ADCC12714FE3500610A53 /* SmashFightersUITests.swift */; };
		4A7ADCC42714FE3500610A53 /* SmashFightersUITestsLaunchTests.swift in Sources */ = {isa = PBXBuildFile; fileRef = 4A7ADCC32714FE3500610A53 /* SmashFightersUITestsLaunchTests.swift */; };
		4A7B5BD727193C30007D25E0 /* Fighter+Array.swift in Sources */ = {isa = PBXBuildFile; fileRef = 4A7B5BD627193C30007D25E0 /* Fighter+Array.swift */; };
		4A7F5B452715043E00866CB7 /* LaunchScreen.storyboard in Resources */ = {isa = PBXBuildFile; fileRef = 4A7F5B442715043E00866CB7 /* LaunchScreen.storyboard */; };
		4A94257227160374001E4111 /* SMSTitleIntroduction.swift in Sources */ = {isa = PBXBuildFile; fileRef = 4A94257127160374001E4111 /* SMSTitleIntroduction.swift */; };
		4A9425742716038F001E4111 /* SMSButton.swift in Sources */ = {isa = PBXBuildFile; fileRef = 4A9425732716038F001E4111 /* SMSButton.swift */; };
		4A942576271603A5001E4111 /* IntroductionBackgroundStyle.swift in Sources */ = {isa = PBXBuildFile; fileRef = 4A942575271603A5001E4111 /* IntroductionBackgroundStyle.swift */; };
		4A942578271603BF001E4111 /* IntroductionView.swift in Sources */ = {isa = PBXBuildFile; fileRef = 4A942577271603BF001E4111 /* IntroductionView.swift */; };
		4A94257B271604F9001E4111 /* UserDefaults.swift in Sources */ = {isa = PBXBuildFile; fileRef = 4A94257A271604F9001E4111 /* UserDefaults.swift */; };
		4A94257E271607F1001E4111 /* UserDefaultPropertyWrapper.swift in Sources */ = {isa = PBXBuildFile; fileRef = 4A94257D271607F1001E4111 /* UserDefaultPropertyWrapper.swift */; };
		4ACBF9962717523C00AD5254 /* PriceView.swift in Sources */ = {isa = PBXBuildFile; fileRef = 4ACBF9952717523C00AD5254 /* PriceView.swift */; };
		4ACBF998271753CD00AD5254 /* StarsView.swift in Sources */ = {isa = PBXBuildFile; fileRef = 4ACBF997271753CD00AD5254 /* StarsView.swift */; };
		4AF755A82718B58900975DB9 /* DataBase.xcdatamodeld in Sources */ = {isa = PBXBuildFile; fileRef = 4AF755A62718B58900975DB9 /* DataBase.xcdatamodeld */; };
		4AF755C72718BA2600975DB9 /* UniverseCoreDataModel+CoreDataClass.swift in Sources */ = {isa = PBXBuildFile; fileRef = 4AF755C32718BA2600975DB9 /* UniverseCoreDataModel+CoreDataClass.swift */; };
		4AF755C82718BA2600975DB9 /* UniverseCoreDataModel+CoreDataProperties.swift in Sources */ = {isa = PBXBuildFile; fileRef = 4AF755C42718BA2600975DB9 /* UniverseCoreDataModel+CoreDataProperties.swift */; };
		4AF755C92718BA2600975DB9 /* FighterCoreDataModel+CoreDataClass.swift in Sources */ = {isa = PBXBuildFile; fileRef = 4AF755C52718BA2600975DB9 /* FighterCoreDataModel+CoreDataClass.swift */; };
		4AF755CA2718BA2600975DB9 /* FighterCoreDataModel+CoreDataProperties.swift in Sources */ = {isa = PBXBuildFile; fileRef = 4AF755C62718BA2600975DB9 /* FighterCoreDataModel+CoreDataProperties.swift */; };
		4AF755CC2718CA6E00975DB9 /* UniverseCoreDataModel+Array.swift in Sources */ = {isa = PBXBuildFile; fileRef = 4AF755CB2718CA6E00975DB9 /* UniverseCoreDataModel+Array.swift */; };
		4AF755CE2718CDC000975DB9 /* FighterCoreDataModel+Array.swift in Sources */ = {isa = PBXBuildFile; fileRef = 4AF755CD2718CDC000975DB9 /* FighterCoreDataModel+Array.swift */; };
		4AF755D02718D80900975DB9 /* CoreDataManager.swift in Sources */ = {isa = PBXBuildFile; fileRef = 4AF755CF2718D80900975DB9 /* CoreDataManager.swift */; };
		4AF755D227191D7600975DB9 /* DecodableAsyncLoader.swift in Sources */ = {isa = PBXBuildFile; fileRef = 4AF755D127191D7600975DB9 /* DecodableAsyncLoader.swift */; };
		4AF755D527192B7200975DB9 /* SDWebImageSwiftUI in Frameworks */ = {isa = PBXBuildFile; productRef = 4AF755D427192B7200975DB9 /* SDWebImageSwiftUI */; };
/* End PBXBuildFile section */

/* Begin PBXContainerItemProxy section */
		4A7ADCB42714FE3500610A53 /* PBXContainerItemProxy */ = {
			isa = PBXContainerItemProxy;
			containerPortal = 4A7ADC9B2714FE3300610A53 /* Project object */;
			proxyType = 1;
			remoteGlobalIDString = 4A7ADCA22714FE3300610A53;
			remoteInfo = SmashFighters;
		};
		4A7ADCBE2714FE3500610A53 /* PBXContainerItemProxy */ = {
			isa = PBXContainerItemProxy;
			containerPortal = 4A7ADC9B2714FE3300610A53 /* Project object */;
			proxyType = 1;
			remoteGlobalIDString = 4A7ADCA22714FE3300610A53;
			remoteInfo = SmashFighters;
		};
/* End PBXContainerItemProxy section */

/* Begin PBXFileReference section */
		4A1D534C2719EE110053C6A5 /* HomeViewModel+Presentation.swift */ = {isa = PBXFileReference; lastKnownFileType = sourcecode.swift; path = "HomeViewModel+Presentation.swift"; sourceTree = "<group>"; };
		4A281C442715069A00F46641 /* IntroductionScreen.swift */ = {isa = PBXFileReference; lastKnownFileType = sourcecode.swift; path = IntroductionScreen.swift; sourceTree = "<group>"; };
		4A281C492715150D00F46641 /* Color.swift */ = {isa = PBXFileReference; lastKnownFileType = sourcecode.swift; path = Color.swift; sourceTree = "<group>"; };
		4A64FB7A2717761B002F3530 /* RadioButtonGroup.swift */ = {isa = PBXFileReference; lastKnownFileType = sourcecode.swift; path = RadioButtonGroup.swift; sourceTree = "<group>"; };
		4A64FB7C27177672002F3530 /* RadioButton.swift */ = {isa = PBXFileReference; lastKnownFileType = sourcecode.swift; path = RadioButton.swift; sourceTree = "<group>"; };
		4A64FB7E27177D1E002F3530 /* SliderView.swift */ = {isa = PBXFileReference; lastKnownFileType = sourcecode.swift; path = SliderView.swift; sourceTree = "<group>"; };
		4A6E56F027162508005B324F /* TabBarItem.swift */ = {isa = PBXFileReference; lastKnownFileType = sourcecode.swift; path = TabBarItem.swift; sourceTree = "<group>"; };
		4A6E56F227162BF4005B324F /* TabBar.swift */ = {isa = PBXFileReference; lastKnownFileType = sourcecode.swift; path = TabBar.swift; sourceTree = "<group>"; };
		4A6E56F5271649D4005B324F /* DataLoader.swift */ = {isa = PBXFileReference; lastKnownFileType = sourcecode.swift; path = DataLoader.swift; sourceTree = "<group>"; };
		4A6E56F927164A02005B324F /* DecodableLoader.swift */ = {isa = PBXFileReference; lastKnownFileType = sourcecode.swift; path = DecodableLoader.swift; sourceTree = "<group>"; };
		4A6E56FD27165F42005B324F /* HomeViewModel.swift */ = {isa = PBXFileReference; lastKnownFileType = sourcecode.swift; path = HomeViewModel.swift; sourceTree = "<group>"; };
		4A6E56FF271660DB005B324F /* String.swift */ = {isa = PBXFileReference; lastKnownFileType = sourcecode.swift; path = String.swift; sourceTree = "<group>"; };
		4A6E5703271670AA005B324F /* Fighter.swift */ = {isa = PBXFileReference; lastKnownFileType = sourcecode.swift; path = Fighter.swift; sourceTree = "<group>"; };
		4A6E5705271670BA005B324F /* Universe.swift */ = {isa = PBXFileReference; lastKnownFileType = sourcecode.swift; path = Universe.swift; sourceTree = "<group>"; };
		4A6E5708271670E2005B324F /* UniverseRepository.swift */ = {isa = PBXFileReference; lastKnownFileType = sourcecode.swift; path = UniverseRepository.swift; sourceTree = "<group>"; };
		4A6E570A271670F1005B324F /* FighterRepository.swift */ = {isa = PBXFileReference; lastKnownFileType = sourcecode.swift; path = FighterRepository.swift; sourceTree = "<group>"; };
		4A6E570D2716741E005B324F /* ImageView.swift */ = {isa = PBXFileReference; lastKnownFileType = sourcecode.swift; path = ImageView.swift; sourceTree = "<group>"; };
		4A6E570F271678D0005B324F /* FighterItemView.swift */ = {isa = PBXFileReference; lastKnownFileType = sourcecode.swift; path = FighterItemView.swift; sourceTree = "<group>"; };
		4A6E571127167DC4005B324F /* LoadingView.swift */ = {isa = PBXFileReference; lastKnownFileType = sourcecode.swift; path = LoadingView.swift; sourceTree = "<group>"; };
		4A6E57132716801F005B324F /* GridView.swift */ = {isa = PBXFileReference; lastKnownFileType = sourcecode.swift; path = GridView.swift; sourceTree = "<group>"; };
		4A6E571627168D36005B324F /* HomeDivider.swift */ = {isa = PBXFileReference; lastKnownFileType = sourcecode.swift; path = HomeDivider.swift; sourceTree = "<group>"; };
		4A6E5719271690A8005B324F /* FighterDetails.swift */ = {isa = PBXFileReference; lastKnownFileType = sourcecode.swift; path = FighterDetails.swift; sourceTree = "<group>"; };
		4A7020142717584C002EFD0F /* StarItem.swift */ = {isa = PBXFileReference; lastKnownFileType = sourcecode.swift; path = StarItem.swift; sourceTree = "<group>"; };
		4A70201727175FB3002EFD0F /* FilterFighters.swift */ = {isa = PBXFileReference; lastKnownFileType = sourcecode.swift; path = FilterFighters.swift; sourceTree = "<group>"; };
		4A7ADCA32714FE3300610A53 /* SmashFighters.app */ = {isa = PBXFileReference; explicitFileType = wrapper.application; includeInIndex = 0; path = SmashFighters.app; sourceTree = BUILT_PRODUCTS_DIR; };
		4A7ADCA62714FE3300610A53 /* SmashFightersApp.swift */ = {isa = PBXFileReference; lastKnownFileType = sourcecode.swift; path = SmashFightersApp.swift; sourceTree = "<group>"; };
		4A7ADCA82714FE3300610A53 /* HomeContentView.swift */ = {isa = PBXFileReference; lastKnownFileType = sourcecode.swift; path = HomeContentView.swift; sourceTree = "<group>"; };
		4A7ADCAA2714FE3400610A53 /* Assets.xcassets */ = {isa = PBXFileReference; lastKnownFileType = folder.assetcatalog; path = Assets.xcassets; sourceTree = "<group>"; };
		4A7ADCAD2714FE3400610A53 /* Preview Assets.xcassets */ = {isa = PBXFileReference; lastKnownFileType = folder.assetcatalog; path = "Preview Assets.xcassets"; sourceTree = "<group>"; };
		4A7ADCB32714FE3500610A53 /* SmashFightersTests.xctest */ = {isa = PBXFileReference; explicitFileType = wrapper.cfbundle; includeInIndex = 0; path = SmashFightersTests.xctest; sourceTree = BUILT_PRODUCTS_DIR; };
		4A7ADCB72714FE3500610A53 /* SmashFightersTests.swift */ = {isa = PBXFileReference; lastKnownFileType = sourcecode.swift; path = SmashFightersTests.swift; sourceTree = "<group>"; };
		4A7ADCBD2714FE3500610A53 /* SmashFightersUITests.xctest */ = {isa = PBXFileReference; explicitFileType = wrapper.cfbundle; includeInIndex = 0; path = SmashFightersUITests.xctest; sourceTree = BUILT_PRODUCTS_DIR; };
		4A7ADCC12714FE3500610A53 /* SmashFightersUITests.swift */ = {isa = PBXFileReference; lastKnownFileType = sourcecode.swift; path = SmashFightersUITests.swift; sourceTree = "<group>"; };
		4A7ADCC32714FE3500610A53 /* SmashFightersUITestsLaunchTests.swift */ = {isa = PBXFileReference; lastKnownFileType = sourcecode.swift; path = SmashFightersUITestsLaunchTests.swift; sourceTree = "<group>"; };
		4A7B5BD627193C30007D25E0 /* Fighter+Array.swift */ = {isa = PBXFileReference; lastKnownFileType = sourcecode.swift; path = "Fighter+Array.swift"; sourceTree = "<group>"; };
		4A7F5B432715009500866CB7 /* Info.plist */ = {isa = PBXFileReference; lastKnownFileType = text.plist; path = Info.plist; sourceTree = "<group>"; };
		4A7F5B442715043E00866CB7 /* LaunchScreen.storyboard */ = {isa = PBXFileReference; lastKnownFileType = file.storyboard; path = LaunchScreen.storyboard; sourceTree = "<group>"; };
		4A94257127160374001E4111 /* SMSTitleIntroduction.swift */ = {isa = PBXFileReference; lastKnownFileType = sourcecode.swift; path = SMSTitleIntroduction.swift; sourceTree = "<group>"; };
		4A9425732716038F001E4111 /* SMSButton.swift */ = {isa = PBXFileReference; lastKnownFileType = sourcecode.swift; path = SMSButton.swift; sourceTree = "<group>"; };
		4A942575271603A5001E4111 /* IntroductionBackgroundStyle.swift */ = {isa = PBXFileReference; lastKnownFileType = sourcecode.swift; path = IntroductionBackgroundStyle.swift; sourceTree = "<group>"; };
		4A942577271603BF001E4111 /* IntroductionView.swift */ = {isa = PBXFileReference; lastKnownFileType = sourcecode.swift; path = IntroductionView.swift; sourceTree = "<group>"; };
		4A94257A271604F9001E4111 /* UserDefaults.swift */ = {isa = PBXFileReference; lastKnownFileType = sourcecode.swift; path = UserDefaults.swift; sourceTree = "<group>"; };
		4A94257D271607F1001E4111 /* UserDefaultPropertyWrapper.swift */ = {isa = PBXFileReference; lastKnownFileType = sourcecode.swift; path = UserDefaultPropertyWrapper.swift; sourceTree = "<group>"; };
		4ACBF9952717523C00AD5254 /* PriceView.swift */ = {isa = PBXFileReference; lastKnownFileType = sourcecode.swift; path = PriceView.swift; sourceTree = "<group>"; };
		4ACBF997271753CD00AD5254 /* StarsView.swift */ = {isa = PBXFileReference; lastKnownFileType = sourcecode.swift; path = StarsView.swift; sourceTree = "<group>"; };
		4AF755A72718B58900975DB9 /* DataBase.xcdatamodel */ = {isa = PBXFileReference; lastKnownFileType = wrapper.xcdatamodel; path = DataBase.xcdatamodel; sourceTree = "<group>"; };
		4AF755C32718BA2600975DB9 /* UniverseCoreDataModel+CoreDataClass.swift */ = {isa = PBXFileReference; lastKnownFileType = sourcecode.swift; path = "UniverseCoreDataModel+CoreDataClass.swift"; sourceTree = "<group>"; };
		4AF755C42718BA2600975DB9 /* UniverseCoreDataModel+CoreDataProperties.swift */ = {isa = PBXFileReference; lastKnownFileType = sourcecode.swift; path = "UniverseCoreDataModel+CoreDataProperties.swift"; sourceTree = "<group>"; };
		4AF755C52718BA2600975DB9 /* FighterCoreDataModel+CoreDataClass.swift */ = {isa = PBXFileReference; lastKnownFileType = sourcecode.swift; path = "FighterCoreDataModel+CoreDataClass.swift"; sourceTree = "<group>"; };
		4AF755C62718BA2600975DB9 /* FighterCoreDataModel+CoreDataProperties.swift */ = {isa = PBXFileReference; lastKnownFileType = sourcecode.swift; path = "FighterCoreDataModel+CoreDataProperties.swift"; sourceTree = "<group>"; };
		4AF755CB2718CA6E00975DB9 /* UniverseCoreDataModel+Array.swift */ = {isa = PBXFileReference; lastKnownFileType = sourcecode.swift; path = "UniverseCoreDataModel+Array.swift"; sourceTree = "<group>"; };
		4AF755CD2718CDC000975DB9 /* FighterCoreDataModel+Array.swift */ = {isa = PBXFileReference; lastKnownFileType = sourcecode.swift; path = "FighterCoreDataModel+Array.swift"; sourceTree = "<group>"; };
		4AF755CF2718D80900975DB9 /* CoreDataManager.swift */ = {isa = PBXFileReference; lastKnownFileType = sourcecode.swift; path = CoreDataManager.swift; sourceTree = "<group>"; };
		4AF755D127191D7600975DB9 /* DecodableAsyncLoader.swift */ = {isa = PBXFileReference; lastKnownFileType = sourcecode.swift; path = DecodableAsyncLoader.swift; sourceTree = "<group>"; };
/* End PBXFileReference section */

/* Begin PBXFrameworksBuildPhase section */
		4A7ADCA02714FE3300610A53 /* Frameworks */ = {
			isa = PBXFrameworksBuildPhase;
			buildActionMask = 2147483647;
			files = (
				4AF755D527192B7200975DB9 /* SDWebImageSwiftUI in Frameworks */,
			);
			runOnlyForDeploymentPostprocessing = 0;
		};
		4A7ADCB02714FE3500610A53 /* Frameworks */ = {
			isa = PBXFrameworksBuildPhase;
			buildActionMask = 2147483647;
			files = (
			);
			runOnlyForDeploymentPostprocessing = 0;
		};
		4A7ADCBA2714FE3500610A53 /* Frameworks */ = {
			isa = PBXFrameworksBuildPhase;
			buildActionMask = 2147483647;
			files = (
			);
			runOnlyForDeploymentPostprocessing = 0;
		};
/* End PBXFrameworksBuildPhase section */

/* Begin PBXGroup section */
		4A1D534B2719EDF50053C6A5 /* ViewModel */ = {
			isa = PBXGroup;
			children = (
				4A6E56FD27165F42005B324F /* HomeViewModel.swift */,
				4A1D534C2719EE110053C6A5 /* HomeViewModel+Presentation.swift */,
			);
			path = ViewModel;
			sourceTree = "<group>";
		};
		4A281C3F271505E400F46641 /* Introduction */ = {
			isa = PBXGroup;
			children = (
				4A94257027160345001E4111 /* Modifiers */,
				4A281C442715069A00F46641 /* IntroductionScreen.swift */,
				4A942577271603BF001E4111 /* IntroductionView.swift */,
			);
			path = Introduction;
			sourceTree = "<group>";
		};
		4A281C48271514FC00F46641 /* Extensions */ = {
			isa = PBXGroup;
			children = (
				4A94257A271604F9001E4111 /* UserDefaults.swift */,
				4A281C492715150D00F46641 /* Color.swift */,
				4A6E56FF271660DB005B324F /* String.swift */,
				4AF755CB2718CA6E00975DB9 /* UniverseCoreDataModel+Array.swift */,
				4AF755CD2718CDC000975DB9 /* FighterCoreDataModel+Array.swift */,
				4A7B5BD627193C30007D25E0 /* Fighter+Array.swift */,
			);
			path = Extensions;
			sourceTree = "<group>";
		};
		4A6E56EE271624DF005B324F /* Home */ = {
			isa = PBXGroup;
			children = (
				4A1D534B2719EDF50053C6A5 /* ViewModel */,
				4A6E56EF271624EE005B324F /* Components */,
				4A7ADCA82714FE3300610A53 /* HomeContentView.swift */,
			);
			path = Home;
			sourceTree = "<group>";
		};
		4A6E56EF271624EE005B324F /* Components */ = {
			isa = PBXGroup;
			children = (
				4A6E56F027162508005B324F /* TabBarItem.swift */,
				4A6E56F227162BF4005B324F /* TabBar.swift */,
				4A6E571627168D36005B324F /* HomeDivider.swift */,
			);
			path = Components;
			sourceTree = "<group>";
		};
		4A6E56F4271649AD005B324F /* DataLoaders */ = {
			isa = PBXGroup;
			children = (
				4A6E56F5271649D4005B324F /* DataLoader.swift */,
				4A6E56F927164A02005B324F /* DecodableLoader.swift */,
				4AF755D127191D7600975DB9 /* DecodableAsyncLoader.swift */,
			);
			path = DataLoaders;
			sourceTree = "<group>";
		};
		4A6E57012716614B005B324F /* Models */ = {
			isa = PBXGroup;
			children = (
				4A6E5703271670AA005B324F /* Fighter.swift */,
				4A6E5705271670BA005B324F /* Universe.swift */,
			);
			path = Models;
			sourceTree = "<group>";
		};
		4A6E5707271670CB005B324F /* Repository */ = {
			isa = PBXGroup;
			children = (
				4A6E5708271670E2005B324F /* UniverseRepository.swift */,
				4A6E570A271670F1005B324F /* FighterRepository.swift */,
			);
			path = Repository;
			sourceTree = "<group>";
		};
		4A6E570C27167412005B324F /* Views */ = {
			isa = PBXGroup;
			children = (
				4A6E570D2716741E005B324F /* ImageView.swift */,
				4A6E570F271678D0005B324F /* FighterItemView.swift */,
				4A6E571127167DC4005B324F /* LoadingView.swift */,
				4A6E57132716801F005B324F /* GridView.swift */,
				4A64FB7A2717761B002F3530 /* RadioButtonGroup.swift */,
				4A64FB7C27177672002F3530 /* RadioButton.swift */,
				4A64FB7E27177D1E002F3530 /* SliderView.swift */,
			);
			path = Views;
			sourceTree = "<group>";
		};
		4A6E571827169093005B324F /* FighterDetails */ = {
			isa = PBXGroup;
			children = (
				4A6E5719271690A8005B324F /* FighterDetails.swift */,
				4ACBF9952717523C00AD5254 /* PriceView.swift */,
				4ACBF997271753CD00AD5254 /* StarsView.swift */,
				4A7020142717584C002EFD0F /* StarItem.swift */,
			);
			path = FighterDetails;
			sourceTree = "<group>";
		};
		4A70201627175F9F002EFD0F /* FilterFighters */ = {
			isa = PBXGroup;
			children = (
				4A70201727175FB3002EFD0F /* FilterFighters.swift */,
			);
			path = FilterFighters;
			sourceTree = "<group>";
		};
		4A7ADC9A2714FE3300610A53 = {
			isa = PBXGroup;
			children = (
				4AF755A92718B84000975DB9 /* CoreData */,
				4A7ADCA52714FE3300610A53 /* SmashFighters */,
				4A7ADCB62714FE3500610A53 /* SmashFightersTests */,
				4A7ADCC02714FE3500610A53 /* SmashFightersUITests */,
				4A7ADCA42714FE3300610A53 /* Products */,
			);
			sourceTree = "<group>";
		};
		4A7ADCA42714FE3300610A53 /* Products */ = {
			isa = PBXGroup;
			children = (
				4A7ADCA32714FE3300610A53 /* SmashFighters.app */,
				4A7ADCB32714FE3500610A53 /* SmashFightersTests.xctest */,
				4A7ADCBD2714FE3500610A53 /* SmashFightersUITests.xctest */,
			);
			name = Products;
			sourceTree = "<group>";
		};
		4A7ADCA52714FE3300610A53 /* SmashFighters */ = {
			isa = PBXGroup;
			children = (
				4A70201627175F9F002EFD0F /* FilterFighters */,
				4A6E571827169093005B324F /* FighterDetails */,
				4A6E570C27167412005B324F /* Views */,
				4A6E5707271670CB005B324F /* Repository */,
				4A6E57012716614B005B324F /* Models */,
				4A6E56F4271649AD005B324F /* DataLoaders */,
				4A6E56EE271624DF005B324F /* Home */,
				4A94257C271607DD001E4111 /* PropertyWrappers */,
				4A281C48271514FC00F46641 /* Extensions */,
				4A281C3F271505E400F46641 /* Introduction */,
				4A7F5B432715009500866CB7 /* Info.plist */,
				4A7ADCA62714FE3300610A53 /* SmashFightersApp.swift */,
				4A7ADCAA2714FE3400610A53 /* Assets.xcassets */,
				4A7ADCAC2714FE3400610A53 /* Preview Content */,
				4A7F5B442715043E00866CB7 /* LaunchScreen.storyboard */,
			);
			path = SmashFighters;
			sourceTree = "<group>";
		};
		4A7ADCAC2714FE3400610A53 /* Preview Content */ = {
			isa = PBXGroup;
			children = (
				4A7ADCAD2714FE3400610A53 /* Preview Assets.xcassets */,
			);
			path = "Preview Content";
			sourceTree = "<group>";
		};
		4A7ADCB62714FE3500610A53 /* SmashFightersTests */ = {
			isa = PBXGroup;
			children = (
				4A7ADCB72714FE3500610A53 /* SmashFightersTests.swift */,
			);
			path = SmashFightersTests;
			sourceTree = "<group>";
		};
		4A7ADCC02714FE3500610A53 /* SmashFightersUITests */ = {
			isa = PBXGroup;
			children = (
				4A7ADCC12714FE3500610A53 /* SmashFightersUITests.swift */,
				4A7ADCC32714FE3500610A53 /* SmashFightersUITestsLaunchTests.swift */,
			);
			path = SmashFightersUITests;
			sourceTree = "<group>";
		};
		4A94257027160345001E4111 /* Modifiers */ = {
			isa = PBXGroup;
			children = (
				4A94257127160374001E4111 /* SMSTitleIntroduction.swift */,
				4A9425732716038F001E4111 /* SMSButton.swift */,
				4A942575271603A5001E4111 /* IntroductionBackgroundStyle.swift */,
			);
			path = Modifiers;
			sourceTree = "<group>";
		};
		4A94257C271607DD001E4111 /* PropertyWrappers */ = {
			isa = PBXGroup;
			children = (
				4A94257D271607F1001E4111 /* UserDefaultPropertyWrapper.swift */,
			);
			path = PropertyWrappers;
			sourceTree = "<group>";
		};
		4AF755A92718B84000975DB9 /* CoreData */ = {
			isa = PBXGroup;
			children = (
				4AF755AA2718B84C00975DB9 /* Models */,
				4AF755A62718B58900975DB9 /* DataBase.xcdatamodeld */,
				4AF755CF2718D80900975DB9 /* CoreDataManager.swift */,
			);
			path = CoreData;
			sourceTree = "<group>";
		};
		4AF755AA2718B84C00975DB9 /* Models */ = {
			isa = PBXGroup;
			children = (
				4AF755C32718BA2600975DB9 /* UniverseCoreDataModel+CoreDataClass.swift */,
				4AF755C42718BA2600975DB9 /* UniverseCoreDataModel+CoreDataProperties.swift */,
				4AF755C52718BA2600975DB9 /* FighterCoreDataModel+CoreDataClass.swift */,
				4AF755C62718BA2600975DB9 /* FighterCoreDataModel+CoreDataProperties.swift */,
			);
			path = Models;
			sourceTree = "<group>";
		};
/* End PBXGroup section */

/* Begin PBXNativeTarget section */
		4A7ADCA22714FE3300610A53 /* SmashFighters */ = {
			isa = PBXNativeTarget;
			buildConfigurationList = 4A7ADCC72714FE3500610A53 /* Build configuration list for PBXNativeTarget "SmashFighters" */;
			buildPhases = (
				4A7ADC9F2714FE3300610A53 /* Sources */,
				4A7ADCA02714FE3300610A53 /* Frameworks */,
				4A7ADCA12714FE3300610A53 /* Resources */,
			);
			buildRules = (
			);
			dependencies = (
			);
			name = SmashFighters;
			packageProductDependencies = (
				4AF755D427192B7200975DB9 /* SDWebImageSwiftUI */,
			);
			productName = SmashFighters;
			productReference = 4A7ADCA32714FE3300610A53 /* SmashFighters.app */;
			productType = "com.apple.product-type.application";
		};
		4A7ADCB22714FE3500610A53 /* SmashFightersTests */ = {
			isa = PBXNativeTarget;
			buildConfigurationList = 4A7ADCCA2714FE3500610A53 /* Build configuration list for PBXNativeTarget "SmashFightersTests" */;
			buildPhases = (
				4A7ADCAF2714FE3500610A53 /* Sources */,
				4A7ADCB02714FE3500610A53 /* Frameworks */,
				4A7ADCB12714FE3500610A53 /* Resources */,
			);
			buildRules = (
			);
			dependencies = (
				4A7ADCB52714FE3500610A53 /* PBXTargetDependency */,
			);
			name = SmashFightersTests;
			productName = SmashFightersTests;
			productReference = 4A7ADCB32714FE3500610A53 /* SmashFightersTests.xctest */;
			productType = "com.apple.product-type.bundle.unit-test";
		};
		4A7ADCBC2714FE3500610A53 /* SmashFightersUITests */ = {
			isa = PBXNativeTarget;
			buildConfigurationList = 4A7ADCCD2714FE3500610A53 /* Build configuration list for PBXNativeTarget "SmashFightersUITests" */;
			buildPhases = (
				4A7ADCB92714FE3500610A53 /* Sources */,
				4A7ADCBA2714FE3500610A53 /* Frameworks */,
				4A7ADCBB2714FE3500610A53 /* Resources */,
			);
			buildRules = (
			);
			dependencies = (
				4A7ADCBF2714FE3500610A53 /* PBXTargetDependency */,
			);
			name = SmashFightersUITests;
			productName = SmashFightersUITests;
			productReference = 4A7ADCBD2714FE3500610A53 /* SmashFightersUITests.xctest */;
			productType = "com.apple.product-type.bundle.ui-testing";
		};
/* End PBXNativeTarget section */

/* Begin PBXProject section */
		4A7ADC9B2714FE3300610A53 /* Project object */ = {
			isa = PBXProject;
			attributes = {
				BuildIndependentTargetsInParallel = 1;
				LastSwiftUpdateCheck = 1300;
				LastUpgradeCheck = 1300;
				TargetAttributes = {
					4A7ADCA22714FE3300610A53 = {
						CreatedOnToolsVersion = 13.0;
					};
					4A7ADCB22714FE3500610A53 = {
						CreatedOnToolsVersion = 13.0;
						TestTargetID = 4A7ADCA22714FE3300610A53;
					};
					4A7ADCBC2714FE3500610A53 = {
						CreatedOnToolsVersion = 13.0;
						TestTargetID = 4A7ADCA22714FE3300610A53;
					};
				};
			};
			buildConfigurationList = 4A7ADC9E2714FE3300610A53 /* Build configuration list for PBXProject "SmashFighters" */;
			compatibilityVersion = "Xcode 13.0";
			developmentRegion = en;
			hasScannedForEncodings = 0;
			knownRegions = (
				en,
				Base,
			);
			mainGroup = 4A7ADC9A2714FE3300610A53;
			packageReferences = (
				4AF755D327192B7200975DB9 /* XCRemoteSwiftPackageReference "SDWebImageSwiftUI" */,
			);
			productRefGroup = 4A7ADCA42714FE3300610A53 /* Products */;
			projectDirPath = "";
			projectRoot = "";
			targets = (
				4A7ADCA22714FE3300610A53 /* SmashFighters */,
				4A7ADCB22714FE3500610A53 /* SmashFightersTests */,
				4A7ADCBC2714FE3500610A53 /* SmashFightersUITests */,
			);
		};
/* End PBXProject section */

/* Begin PBXResourcesBuildPhase section */
		4A7ADCA12714FE3300610A53 /* Resources */ = {
			isa = PBXResourcesBuildPhase;
			buildActionMask = 2147483647;
			files = (
				4A7F5B452715043E00866CB7 /* LaunchScreen.storyboard in Resources */,
				4A7ADCAE2714FE3400610A53 /* Preview Assets.xcassets in Resources */,
				4A7ADCAB2714FE3400610A53 /* Assets.xcassets in Resources */,
			);
			runOnlyForDeploymentPostprocessing = 0;
		};
		4A7ADCB12714FE3500610A53 /* Resources */ = {
			isa = PBXResourcesBuildPhase;
			buildActionMask = 2147483647;
			files = (
			);
			runOnlyForDeploymentPostprocessing = 0;
		};
		4A7ADCBB2714FE3500610A53 /* Resources */ = {
			isa = PBXResourcesBuildPhase;
			buildActionMask = 2147483647;
			files = (
			);
			runOnlyForDeploymentPostprocessing = 0;
		};
/* End PBXResourcesBuildPhase section */

/* Begin PBXSourcesBuildPhase section */
		4A7ADC9F2714FE3300610A53 /* Sources */ = {
			isa = PBXSourcesBuildPhase;
			buildActionMask = 2147483647;
			files = (
				4AF755CE2718CDC000975DB9 /* FighterCoreDataModel+Array.swift in Sources */,
				4A64FB7D27177672002F3530 /* RadioButton.swift in Sources */,
				4A6E5709271670E2005B324F /* UniverseRepository.swift in Sources */,
				4A6E56FE27165F42005B324F /* HomeViewModel.swift in Sources */,
				4A6E571A271690A8005B324F /* FighterDetails.swift in Sources */,
				4A6E571727168D36005B324F /* HomeDivider.swift in Sources */,
				4A6E5706271670BA005B324F /* Universe.swift in Sources */,
				4A6E570B271670F1005B324F /* FighterRepository.swift in Sources */,
				4A94257227160374001E4111 /* SMSTitleIntroduction.swift in Sources */,
				4AF755D02718D80900975DB9 /* CoreDataManager.swift in Sources */,
				4ACBF9962717523C00AD5254 /* PriceView.swift in Sources */,
				4AF755CA2718BA2600975DB9 /* FighterCoreDataModel+CoreDataProperties.swift in Sources */,
				4A64FB7B2717761B002F3530 /* RadioButtonGroup.swift in Sources */,
				4A64FB7F27177D1E002F3530 /* SliderView.swift in Sources */,
				4A6E56FA27164A02005B324F /* DecodableLoader.swift in Sources */,
				4ACBF998271753CD00AD5254 /* StarsView.swift in Sources */,
				4A6E5704271670AA005B324F /* Fighter.swift in Sources */,
				4A7ADCA92714FE3300610A53 /* HomeContentView.swift in Sources */,
				4A94257E271607F1001E4111 /* UserDefaultPropertyWrapper.swift in Sources */,
				4AF755A82718B58900975DB9 /* DataBase.xcdatamodeld in Sources */,
				4AF755CC2718CA6E00975DB9 /* UniverseCoreDataModel+Array.swift in Sources */,
				4A6E5710271678D0005B324F /* FighterItemView.swift in Sources */,
				4A1D534D2719EE110053C6A5 /* HomeViewModel+Presentation.swift in Sources */,
				4A6E56F327162BF4005B324F /* TabBar.swift in Sources */,
				4A7020152717584C002EFD0F /* StarItem.swift in Sources */,
				4A6E570E2716741E005B324F /* ImageView.swift in Sources */,
				4AF755C82718BA2600975DB9 /* UniverseCoreDataModel+CoreDataProperties.swift in Sources */,
				4A7ADCA72714FE3300610A53 /* SmashFightersApp.swift in Sources */,
				4A9425742716038F001E4111 /* SMSButton.swift in Sources */,
				4A942576271603A5001E4111 /* IntroductionBackgroundStyle.swift in Sources */,
				4A281C452715069A00F46641 /* IntroductionScreen.swift in Sources */,
				4A6E571227167DC4005B324F /* LoadingView.swift in Sources */,
				4A6E5700271660DB005B324F /* String.swift in Sources */,
				4A7B5BD727193C30007D25E0 /* Fighter+Array.swift in Sources */,
				4A942578271603BF001E4111 /* IntroductionView.swift in Sources */,
				4A6E56F6271649D4005B324F /* DataLoader.swift in Sources */,
				4AF755D227191D7600975DB9 /* DecodableAsyncLoader.swift in Sources */,
				4A94257B271604F9001E4111 /* UserDefaults.swift in Sources */,
				4A281C4A2715150D00F46641 /* Color.swift in Sources */,
				4A6E57142716801F005B324F /* GridView.swift in Sources */,
				4AF755C92718BA2600975DB9 /* FighterCoreDataModel+CoreDataClass.swift in Sources */,
				4AF755C72718BA2600975DB9 /* UniverseCoreDataModel+CoreDataClass.swift in Sources */,
				4A6E56F127162508005B324F /* TabBarItem.swift in Sources */,
				4A70201827175FB3002EFD0F /* FilterFighters.swift in Sources */,
			);
			runOnlyForDeploymentPostprocessing = 0;
		};
		4A7ADCAF2714FE3500610A53 /* Sources */ = {
			isa = PBXSourcesBuildPhase;
			buildActionMask = 2147483647;
			files = (
				4A7ADCB82714FE3500610A53 /* SmashFightersTests.swift in Sources */,
			);
			runOnlyForDeploymentPostprocessing = 0;
		};
		4A7ADCB92714FE3500610A53 /* Sources */ = {
			isa = PBXSourcesBuildPhase;
			buildActionMask = 2147483647;
			files = (
				4A7ADCC22714FE3500610A53 /* SmashFightersUITests.swift in Sources */,
				4A7ADCC42714FE3500610A53 /* SmashFightersUITestsLaunchTests.swift in Sources */,
			);
			runOnlyForDeploymentPostprocessing = 0;
		};
/* End PBXSourcesBuildPhase section */

/* Begin PBXTargetDependency section */
		4A7ADCB52714FE3500610A53 /* PBXTargetDependency */ = {
			isa = PBXTargetDependency;
			target = 4A7ADCA22714FE3300610A53 /* SmashFighters */;
			targetProxy = 4A7ADCB42714FE3500610A53 /* PBXContainerItemProxy */;
		};
		4A7ADCBF2714FE3500610A53 /* PBXTargetDependency */ = {
			isa = PBXTargetDependency;
			target = 4A7ADCA22714FE3300610A53 /* SmashFighters */;
			targetProxy = 4A7ADCBE2714FE3500610A53 /* PBXContainerItemProxy */;
		};
/* End PBXTargetDependency section */

/* Begin XCBuildConfiguration section */
		4A7ADCC52714FE3500610A53 /* Debug */ = {
			isa = XCBuildConfiguration;
			buildSettings = {
				ALWAYS_SEARCH_USER_PATHS = NO;
				CLANG_ANALYZER_NONNULL = YES;
				CLANG_ANALYZER_NUMBER_OBJECT_CONVERSION = YES_AGGRESSIVE;
				CLANG_CXX_LANGUAGE_STANDARD = "gnu++17";
				CLANG_CXX_LIBRARY = "libc++";
				CLANG_ENABLE_MODULES = YES;
				CLANG_ENABLE_OBJC_ARC = YES;
				CLANG_ENABLE_OBJC_WEAK = YES;
				CLANG_WARN_BLOCK_CAPTURE_AUTORELEASING = YES;
				CLANG_WARN_BOOL_CONVERSION = YES;
				CLANG_WARN_COMMA = YES;
				CLANG_WARN_CONSTANT_CONVERSION = YES;
				CLANG_WARN_DEPRECATED_OBJC_IMPLEMENTATIONS = YES;
				CLANG_WARN_DIRECT_OBJC_ISA_USAGE = YES_ERROR;
				CLANG_WARN_DOCUMENTATION_COMMENTS = YES;
				CLANG_WARN_EMPTY_BODY = YES;
				CLANG_WARN_ENUM_CONVERSION = YES;
				CLANG_WARN_INFINITE_RECURSION = YES;
				CLANG_WARN_INT_CONVERSION = YES;
				CLANG_WARN_NON_LITERAL_NULL_CONVERSION = YES;
				CLANG_WARN_OBJC_IMPLICIT_RETAIN_SELF = YES;
				CLANG_WARN_OBJC_LITERAL_CONVERSION = YES;
				CLANG_WARN_OBJC_ROOT_CLASS = YES_ERROR;
				CLANG_WARN_QUOTED_INCLUDE_IN_FRAMEWORK_HEADER = YES;
				CLANG_WARN_RANGE_LOOP_ANALYSIS = YES;
				CLANG_WARN_STRICT_PROTOTYPES = YES;
				CLANG_WARN_SUSPICIOUS_MOVE = YES;
				CLANG_WARN_UNGUARDED_AVAILABILITY = YES_AGGRESSIVE;
				CLANG_WARN_UNREACHABLE_CODE = YES;
				CLANG_WARN__DUPLICATE_METHOD_MATCH = YES;
				COPY_PHASE_STRIP = NO;
				DEBUG_INFORMATION_FORMAT = dwarf;
				ENABLE_STRICT_OBJC_MSGSEND = YES;
				ENABLE_TESTABILITY = YES;
				GCC_C_LANGUAGE_STANDARD = gnu11;
				GCC_DYNAMIC_NO_PIC = NO;
				GCC_NO_COMMON_BLOCKS = YES;
				GCC_OPTIMIZATION_LEVEL = 0;
				GCC_PREPROCESSOR_DEFINITIONS = (
					"DEBUG=1",
					"$(inherited)",
				);
				GCC_WARN_64_TO_32_BIT_CONVERSION = YES;
				GCC_WARN_ABOUT_RETURN_TYPE = YES_ERROR;
				GCC_WARN_UNDECLARED_SELECTOR = YES;
				GCC_WARN_UNINITIALIZED_AUTOS = YES_AGGRESSIVE;
				GCC_WARN_UNUSED_FUNCTION = YES;
				GCC_WARN_UNUSED_VARIABLE = YES;
				IPHONEOS_DEPLOYMENT_TARGET = 15.0;
				MTL_ENABLE_DEBUG_INFO = INCLUDE_SOURCE;
				MTL_FAST_MATH = YES;
				ONLY_ACTIVE_ARCH = YES;
				SDKROOT = iphoneos;
				SWIFT_ACTIVE_COMPILATION_CONDITIONS = DEBUG;
				SWIFT_OPTIMIZATION_LEVEL = "-Onone";
			};
			name = Debug;
		};
		4A7ADCC62714FE3500610A53 /* Release */ = {
			isa = XCBuildConfiguration;
			buildSettings = {
				ALWAYS_SEARCH_USER_PATHS = NO;
				CLANG_ANALYZER_NONNULL = YES;
				CLANG_ANALYZER_NUMBER_OBJECT_CONVERSION = YES_AGGRESSIVE;
				CLANG_CXX_LANGUAGE_STANDARD = "gnu++17";
				CLANG_CXX_LIBRARY = "libc++";
				CLANG_ENABLE_MODULES = YES;
				CLANG_ENABLE_OBJC_ARC = YES;
				CLANG_ENABLE_OBJC_WEAK = YES;
				CLANG_WARN_BLOCK_CAPTURE_AUTORELEASING = YES;
				CLANG_WARN_BOOL_CONVERSION = YES;
				CLANG_WARN_COMMA = YES;
				CLANG_WARN_CONSTANT_CONVERSION = YES;
				CLANG_WARN_DEPRECATED_OBJC_IMPLEMENTATIONS = YES;
				CLANG_WARN_DIRECT_OBJC_ISA_USAGE = YES_ERROR;
				CLANG_WARN_DOCUMENTATION_COMMENTS = YES;
				CLANG_WARN_EMPTY_BODY = YES;
				CLANG_WARN_ENUM_CONVERSION = YES;
				CLANG_WARN_INFINITE_RECURSION = YES;
				CLANG_WARN_INT_CONVERSION = YES;
				CLANG_WARN_NON_LITERAL_NULL_CONVERSION = YES;
				CLANG_WARN_OBJC_IMPLICIT_RETAIN_SELF = YES;
				CLANG_WARN_OBJC_LITERAL_CONVERSION = YES;
				CLANG_WARN_OBJC_ROOT_CLASS = YES_ERROR;
				CLANG_WARN_QUOTED_INCLUDE_IN_FRAMEWORK_HEADER = YES;
				CLANG_WARN_RANGE_LOOP_ANALYSIS = YES;
				CLANG_WARN_STRICT_PROTOTYPES = YES;
				CLANG_WARN_SUSPICIOUS_MOVE = YES;
				CLANG_WARN_UNGUARDED_AVAILABILITY = YES_AGGRESSIVE;
				CLANG_WARN_UNREACHABLE_CODE = YES;
				CLANG_WARN__DUPLICATE_METHOD_MATCH = YES;
				COPY_PHASE_STRIP = NO;
				DEBUG_INFORMATION_FORMAT = "dwarf-with-dsym";
				ENABLE_NS_ASSERTIONS = NO;
				ENABLE_STRICT_OBJC_MSGSEND = YES;
				GCC_C_LANGUAGE_STANDARD = gnu11;
				GCC_NO_COMMON_BLOCKS = YES;
				GCC_WARN_64_TO_32_BIT_CONVERSION = YES;
				GCC_WARN_ABOUT_RETURN_TYPE = YES_ERROR;
				GCC_WARN_UNDECLARED_SELECTOR = YES;
				GCC_WARN_UNINITIALIZED_AUTOS = YES_AGGRESSIVE;
				GCC_WARN_UNUSED_FUNCTION = YES;
				GCC_WARN_UNUSED_VARIABLE = YES;
				IPHONEOS_DEPLOYMENT_TARGET = 15.0;
				MTL_ENABLE_DEBUG_INFO = NO;
				MTL_FAST_MATH = YES;
				SDKROOT = iphoneos;
				SWIFT_COMPILATION_MODE = wholemodule;
				SWIFT_OPTIMIZATION_LEVEL = "-O";
				VALIDATE_PRODUCT = YES;
			};
			name = Release;
		};
		4A7ADCC82714FE3500610A53 /* Debug */ = {
			isa = XCBuildConfiguration;
			buildSettings = {
				ASSETCATALOG_COMPILER_APPICON_NAME = AppIcon;
				ASSETCATALOG_COMPILER_GLOBAL_ACCENT_COLOR_NAME = AccentColor;
				CODE_SIGN_STYLE = Automatic;
				CURRENT_PROJECT_VERSION = 1;
				DEVELOPMENT_ASSET_PATHS = "\"SmashFighters/Preview Content\"";
				ENABLE_PREVIEWS = YES;
				GENERATE_INFOPLIST_FILE = YES;
				INFOPLIST_FILE = SmashFighters/Info.plist;
				INFOPLIST_KEY_UIApplicationSceneManifest_Generation = YES;
				INFOPLIST_KEY_UIApplicationSupportsIndirectInputEvents = YES;
				INFOPLIST_KEY_UILaunchStoryboardName = LaunchScreen;
				INFOPLIST_KEY_UISupportedInterfaceOrientations_iPad = "UIInterfaceOrientationPortrait UIInterfaceOrientationPortraitUpsideDown UIInterfaceOrientationLandscapeLeft UIInterfaceOrientationLandscapeRight";
				INFOPLIST_KEY_UISupportedInterfaceOrientations_iPhone = UIInterfaceOrientationPortrait;
				IPHONEOS_DEPLOYMENT_TARGET = 15.0;
				LD_RUNPATH_SEARCH_PATHS = (
					"$(inherited)",
					"@executable_path/Frameworks",
				);
				MARKETING_VERSION = 1.0;
				PRODUCT_BUNDLE_IDENTIFIER = com.allanmelo.SmashFighters;
				PRODUCT_NAME = "$(TARGET_NAME)";
				SWIFT_EMIT_LOC_STRINGS = YES;
				SWIFT_VERSION = 5.0;
				TARGETED_DEVICE_FAMILY = "1,2";
			};
			name = Debug;
		};
		4A7ADCC92714FE3500610A53 /* Release */ = {
			isa = XCBuildConfiguration;
			buildSettings = {
				ASSETCATALOG_COMPILER_APPICON_NAME = AppIcon;
				ASSETCATALOG_COMPILER_GLOBAL_ACCENT_COLOR_NAME = AccentColor;
				CODE_SIGN_STYLE = Automatic;
				CURRENT_PROJECT_VERSION = 1;
				DEVELOPMENT_ASSET_PATHS = "\"SmashFighters/Preview Content\"";
				ENABLE_PREVIEWS = YES;
				GENERATE_INFOPLIST_FILE = YES;
				INFOPLIST_FILE = SmashFighters/Info.plist;
				INFOPLIST_KEY_UIApplicationSceneManifest_Generation = YES;
				INFOPLIST_KEY_UIApplicationSupportsIndirectInputEvents = YES;
				INFOPLIST_KEY_UILaunchStoryboardName = LaunchScreen;
				INFOPLIST_KEY_UISupportedInterfaceOrientations_iPad = "UIInterfaceOrientationPortrait UIInterfaceOrientationPortraitUpsideDown UIInterfaceOrientationLandscapeLeft UIInterfaceOrientationLandscapeRight";
				INFOPLIST_KEY_UISupportedInterfaceOrientations_iPhone = UIInterfaceOrientationPortrait;
				IPHONEOS_DEPLOYMENT_TARGET = 15.0;
				LD_RUNPATH_SEARCH_PATHS = (
					"$(inherited)",
					"@executable_path/Frameworks",
				);
				MARKETING_VERSION = 1.0;
				PRODUCT_BUNDLE_IDENTIFIER = com.allanmelo.SmashFighters;
				PRODUCT_NAME = "$(TARGET_NAME)";
				SWIFT_EMIT_LOC_STRINGS = YES;
				SWIFT_VERSION = 5.0;
				TARGETED_DEVICE_FAMILY = "1,2";
			};
			name = Release;
		};
		4A7ADCCB2714FE3500610A53 /* Debug */ = {
			isa = XCBuildConfiguration;
			buildSettings = {
				ALWAYS_EMBED_SWIFT_STANDARD_LIBRARIES = YES;
				BUNDLE_LOADER = "$(TEST_HOST)";
				CODE_SIGN_STYLE = Automatic;
				CURRENT_PROJECT_VERSION = 1;
				GENERATE_INFOPLIST_FILE = YES;
				IPHONEOS_DEPLOYMENT_TARGET = 15.0;
				LD_RUNPATH_SEARCH_PATHS = (
					"$(inherited)",
					"@executable_path/Frameworks",
					"@loader_path/Frameworks",
				);
				MARKETING_VERSION = 1.0;
				PRODUCT_BUNDLE_IDENTIFIER = com.allanmelo.SmashFightersTests;
				PRODUCT_NAME = "$(TARGET_NAME)";
				SWIFT_EMIT_LOC_STRINGS = NO;
				SWIFT_VERSION = 5.0;
				TARGETED_DEVICE_FAMILY = "1,2";
				TEST_HOST = "$(BUILT_PRODUCTS_DIR)/SmashFighters.app/SmashFighters";
			};
			name = Debug;
		};
		4A7ADCCC2714FE3500610A53 /* Release */ = {
			isa = XCBuildConfiguration;
			buildSettings = {
				ALWAYS_EMBED_SWIFT_STANDARD_LIBRARIES = YES;
				BUNDLE_LOADER = "$(TEST_HOST)";
				CODE_SIGN_STYLE = Automatic;
				CURRENT_PROJECT_VERSION = 1;
				GENERATE_INFOPLIST_FILE = YES;
				IPHONEOS_DEPLOYMENT_TARGET = 15.0;
				LD_RUNPATH_SEARCH_PATHS = (
					"$(inherited)",
					"@executable_path/Frameworks",
					"@loader_path/Frameworks",
				);
				MARKETING_VERSION = 1.0;
				PRODUCT_BUNDLE_IDENTIFIER = com.allanmelo.SmashFightersTests;
				PRODUCT_NAME = "$(TARGET_NAME)";
				SWIFT_EMIT_LOC_STRINGS = NO;
				SWIFT_VERSION = 5.0;
				TARGETED_DEVICE_FAMILY = "1,2";
				TEST_HOST = "$(BUILT_PRODUCTS_DIR)/SmashFighters.app/SmashFighters";
			};
			name = Release;
		};
		4A7ADCCE2714FE3500610A53 /* Debug */ = {
			isa = XCBuildConfiguration;
			buildSettings = {
				ALWAYS_EMBED_SWIFT_STANDARD_LIBRARIES = YES;
				CODE_SIGN_STYLE = Automatic;
				CURRENT_PROJECT_VERSION = 1;
				GENERATE_INFOPLIST_FILE = YES;
				LD_RUNPATH_SEARCH_PATHS = (
					"$(inherited)",
					"@executable_path/Frameworks",
					"@loader_path/Frameworks",
				);
				MARKETING_VERSION = 1.0;
				PRODUCT_BUNDLE_IDENTIFIER = com.allanmelo.SmashFightersUITests;
				PRODUCT_NAME = "$(TARGET_NAME)";
				SWIFT_EMIT_LOC_STRINGS = NO;
				SWIFT_VERSION = 5.0;
				TARGETED_DEVICE_FAMILY = "1,2";
				TEST_TARGET_NAME = SmashFighters;
			};
			name = Debug;
		};
		4A7ADCCF2714FE3500610A53 /* Release */ = {
			isa = XCBuildConfiguration;
			buildSettings = {
				ALWAYS_EMBED_SWIFT_STANDARD_LIBRARIES = YES;
				CODE_SIGN_STYLE = Automatic;
				CURRENT_PROJECT_VERSION = 1;
				GENERATE_INFOPLIST_FILE = YES;
				LD_RUNPATH_SEARCH_PATHS = (
					"$(inherited)",
					"@executable_path/Frameworks",
					"@loader_path/Frameworks",
				);
				MARKETING_VERSION = 1.0;
				PRODUCT_BUNDLE_IDENTIFIER = com.allanmelo.SmashFightersUITests;
				PRODUCT_NAME = "$(TARGET_NAME)";
				SWIFT_EMIT_LOC_STRINGS = NO;
				SWIFT_VERSION = 5.0;
				TARGETED_DEVICE_FAMILY = "1,2";
				TEST_TARGET_NAME = SmashFighters;
			};
			name = Release;
		};
/* End XCBuildConfiguration section */

/* Begin XCConfigurationList section */
		4A7ADC9E2714FE3300610A53 /* Build configuration list for PBXProject "SmashFighters" */ = {
			isa = XCConfigurationList;
			buildConfigurations = (
				4A7ADCC52714FE3500610A53 /* Debug */,
				4A7ADCC62714FE3500610A53 /* Release */,
			);
			defaultConfigurationIsVisible = 0;
			defaultConfigurationName = Release;
		};
		4A7ADCC72714FE3500610A53 /* Build configuration list for PBXNativeTarget "SmashFighters" */ = {
			isa = XCConfigurationList;
			buildConfigurations = (
				4A7ADCC82714FE3500610A53 /* Debug */,
				4A7ADCC92714FE3500610A53 /* Release */,
			);
			defaultConfigurationIsVisible = 0;
			defaultConfigurationName = Release;
		};
		4A7ADCCA2714FE3500610A53 /* Build configuration list for PBXNativeTarget "SmashFightersTests" */ = {
			isa = XCConfigurationList;
			buildConfigurations = (
				4A7ADCCB2714FE3500610A53 /* Debug */,
				4A7ADCCC2714FE3500610A53 /* Release */,
			);
			defaultConfigurationIsVisible = 0;
			defaultConfigurationName = Release;
		};
		4A7ADCCD2714FE3500610A53 /* Build configuration list for PBXNativeTarget "SmashFightersUITests" */ = {
			isa = XCConfigurationList;
			buildConfigurations = (
				4A7ADCCE2714FE3500610A53 /* Debug */,
				4A7ADCCF2714FE3500610A53 /* Release */,
			);
			defaultConfigurationIsVisible = 0;
			defaultConfigurationName = Release;
		};
/* End XCConfigurationList section */

/* Begin XCRemoteSwiftPackageReference section */
		4AF755D327192B7200975DB9 /* XCRemoteSwiftPackageReference "SDWebImageSwiftUI" */ = {
			isa = XCRemoteSwiftPackageReference;
			repositoryURL = "https://github.com/SDWebImage/SDWebImageSwiftUI.git";
			requirement = {
				kind = upToNextMajorVersion;
				minimumVersion = 2.0.0;
			};
		};
/* End XCRemoteSwiftPackageReference section */

/* Begin XCSwiftPackageProductDependency section */
		4AF755D427192B7200975DB9 /* SDWebImageSwiftUI */ = {
			isa = XCSwiftPackageProductDependency;
			package = 4AF755D327192B7200975DB9 /* XCRemoteSwiftPackageReference "SDWebImageSwiftUI" */;
			productName = SDWebImageSwiftUI;
		};
/* End XCSwiftPackageProductDependency section */

/* Begin XCVersionGroup section */
		4AF755A62718B58900975DB9 /* DataBase.xcdatamodeld */ = {
			isa = XCVersionGroup;
			children = (
				4AF755A72718B58900975DB9 /* DataBase.xcdatamodel */,
			);
			currentVersion = 4AF755A72718B58900975DB9 /* DataBase.xcdatamodel */;
			path = DataBase.xcdatamodeld;
			sourceTree = "<group>";
			versionGroupType = wrapper.xcdatamodel;
		};
/* End XCVersionGroup section */
	};
	rootObject = 4A7ADC9B2714FE3300610A53 /* Project object */;
}
